
Microsoft Visual Studio Solution File, Format Version 12.00
# Visual Studio Version 16
VisualStudioVersion = 16.0.31624.102
MinimumVisualStudioVersion = 10.0.40219.1
Project("{FAE04EC0-301F-11D3-BF4B-00C04F79EFBC}") = "Encoder", "Encoder\Encoder.csproj", "{5D4A3B10-C923-4FE6-B53B-B7AEB780F4BC}"
EndProject
Project("{D954291E-2A0B-460D-934E-DC6B0785DB48}") = "ZemotoUI", "ZemotoCommon\ZemotoUI\ZemotoUI.shproj", "{7542EB89-ECC5-4A33-B7D6-18C2DB8CA072}"
EndProject
Project("{D954291E-2A0B-460D-934E-DC6B0785DB48}") = "ZemotoUtils", "ZemotoCommon\ZemotoUtils\ZemotoUtils.shproj", "{B50AFE0A-263C-4FB2-8EED-291F6763FBEC}"
EndProject
Project("{2150E333-8FDC-42A3-9474-1A3956D46DE8}") = "Solution Items", "Solution Items", "{FEF1F4AB-3BC7-411F-A2DF-0F704EB341AD}"
	ProjectSection(SolutionItems) = preProject
		.editorconfig = .editorconfig
	EndProjectSection
EndProject
Global
	GlobalSection(SharedMSBuildProjectFiles) = preSolution
		ZemotoCommon\ZemotoUI\ZemotoUI.projitems*{5d4a3b10-c923-4fe6-b53b-b7aeb780f4bc}*SharedItemsImports = 4
		ZemotoCommon\ZemotoUtils\ZemotoUtils.projitems*{5d4a3b10-c923-4fe6-b53b-b7aeb780f4bc}*SharedItemsImports = 4
		ZemotoCommon\ZemotoUI\ZemotoUI.projitems*{7542eb89-ecc5-4a33-b7d6-18c2db8ca072}*SharedItemsImports = 13
		ZemotoCommon\ZemotoUtils\ZemotoUtils.projitems*{b50afe0a-263c-4fb2-8eed-291f6763fbec}*SharedItemsImports = 13
	EndGlobalSection
	GlobalSection(SolutionConfigurationPlatforms) = preSolution
		Debug|Any CPU = Debug|Any CPU
		Release|Any CPU = Release|Any CPU
	EndGlobalSection
	GlobalSection(ProjectConfigurationPlatforms) = postSolution
		{5D4A3B10-C923-4FE6-B53B-B7AEB780F4BC}.Debug|Any CPU.ActiveCfg = Debug|Any CPU
		{5D4A3B10-C923-4FE6-B53B-B7AEB780F4BC}.Debug|Any CPU.Build.0 = Debug|Any CPU
		{5D4A3B10-C923-4FE6-B53B-B7AEB780F4BC}.Release|Any CPU.ActiveCfg = Release|Any CPU
		{5D4A3B10-C923-4FE6-B53B-B7AEB780F4BC}.Release|Any CPU.Build.0 = Release|Any CPU
	EndGlobalSection
	GlobalSection(SolutionProperties) = preSolution
		HideSolutionNode = FALSE
	EndGlobalSection
	GlobalSection(ExtensibilityGlobals) = postSolution
		SolutionGuid = {D88D624B-3308-4000-A953-3C8977367A30}
	EndGlobalSection
EndGlobal
