
Microsoft Visual Studio Solution File, Format Version 12.00
# Visual Studio 15
VisualStudioVersion = 15.0.27130.2036
MinimumVisualStudioVersion = 10.0.40219.1
Project("{FAE04EC0-301F-11D3-BF4B-00C04F79EFBC}") = "VideoInterpolator", "VideoInterpolator\VideoInterpolator.csproj", "{53411977-3ECE-4C11-8EDF-79009B7ED1E9}"
EndProject
Global
	GlobalSection(SolutionConfigurationPlatforms) = preSolution
		Debug|Any CPU = Debug|Any CPU
		Release|Any CPU = Release|Any CPU
	EndGlobalSection
	GlobalSection(ProjectConfigurationPlatforms) = postSolution
		{53411977-3ECE-4C11-8EDF-79009B7ED1E9}.Debug|Any CPU.ActiveCfg = Debug|Any CPU
		{53411977-3ECE-4C11-8EDF-79009B7ED1E9}.Debug|Any CPU.Build.0 = Debug|Any CPU
		{53411977-3ECE-4C11-8EDF-79009B7ED1E9}.Release|Any CPU.ActiveCfg = Release|Any CPU
		{53411977-3ECE-4C11-8EDF-79009B7ED1E9}.Release|Any CPU.Build.0 = Release|Any CPU
	EndGlobalSection
	GlobalSection(SolutionProperties) = preSolution
		HideSolutionNode = FALSE
	EndGlobalSection
	GlobalSection(ExtensibilityGlobals) = postSolution
		SolutionGuid = {27F734CD-43FC-4E8B-870F-610441210E21}
	EndGlobalSection
EndGlobal
